
Microsoft Visual Studio Solution File, Format Version 12.00
Project("{FAE04EC0-301F-11D3-BF4B-00C04F79EFBC}") = "SumOfTwoNumbers", "SumOfTwoNumbers\SumOfTwoNumbers.csproj", "{ECBCD1C7-DA6F-4AF5-9935-06BD8C4F490C}"
EndProject
Project("{FAE04EC0-301F-11D3-BF4B-00C04F79EFBC}") = "OddAndEvenChcker", "OddAndEvenChcker\OddAndEvenChcker.csproj", "{D6C56A67-A0DA-4158-9382-9CF0EAE8DEA1}"
EndProject
Global
	GlobalSection(SolutionConfigurationPlatforms) = preSolution
		Debug|Any CPU = Debug|Any CPU
		Release|Any CPU = Release|Any CPU
	EndGlobalSection
	GlobalSection(ProjectConfigurationPlatforms) = postSolution
		{ECBCD1C7-DA6F-4AF5-9935-06BD8C4F490C}.Debug|Any CPU.ActiveCfg = Debug|Any CPU
		{ECBCD1C7-DA6F-4AF5-9935-06BD8C4F490C}.Debug|Any CPU.Build.0 = Debug|Any CPU
		{ECBCD1C7-DA6F-4AF5-9935-06BD8C4F490C}.Release|Any CPU.ActiveCfg = Release|Any CPU
		{ECBCD1C7-DA6F-4AF5-9935-06BD8C4F490C}.Release|Any CPU.Build.0 = Release|Any CPU
		{D6C56A67-A0DA-4158-9382-9CF0EAE8DEA1}.Debug|Any CPU.ActiveCfg = Debug|Any CPU
		{D6C56A67-A0DA-4158-9382-9CF0EAE8DEA1}.Debug|Any CPU.Build.0 = Debug|Any CPU
		{D6C56A67-A0DA-4158-9382-9CF0EAE8DEA1}.Release|Any CPU.ActiveCfg = Release|Any CPU
		{D6C56A67-A0DA-4158-9382-9CF0EAE8DEA1}.Release|Any CPU.Build.0 = Release|Any CPU
	EndGlobalSection
	GlobalSection(NestedProjects) = preSolution
	EndGlobalSection
EndGlobal
