
Microsoft Visual Studio Solution File, Format Version 12.00
Project("{FAE04EC0-301F-11D3-BF4B-00C04F79EFBC}") = "SumOfTwoNumbers", "SumOfTwoNumbers\SumOfTwoNumbers.csproj", "{ECBCD1C7-DA6F-4AF5-9935-06BD8C4F490C}"
EndProject
Project("{FAE04EC0-301F-11D3-BF4B-00C04F79EFBC}") = "OddAndEvenChcker", "OddAndEvenChcker\OddAndEvenChcker.csproj", "{D6C56A67-A0DA-4158-9382-9CF0EAE8DEA1}"
EndProject
Project("{FAE04EC0-301F-11D3-BF4B-00C04F79EFBC}") = "SimpleCalculator", "SimpleCalculator\SimpleCalculator.csproj", "{C8F81B9D-4DBD-43FC-B7CD-642F12484852}"
EndProject
Project("{FAE04EC0-301F-11D3-BF4B-00C04F79EFBC}") = "TempConverter", "TempConverter\TempConverter.csproj", "{156B6521-A07E-4860-8178-B53703726A61}"
EndProject
Project("{FAE04EC0-301F-11D3-BF4B-00C04F79EFBC}") = "MultiplicationTable", "MultiplicationTable\MultiplicationTable.csproj", "{0785E58E-BA89-4E71-B519-77EA2A51FC04}"
EndProject
Project("{FAE04EC0-301F-11D3-BF4B-00C04F79EFBC}") = "VowelCounter", "VowelCounter\VowelCounter.csproj", "{1DDCEB11-5AAB-4D5A-9870-12FB0332411F}"
EndProject
Project("{FAE04EC0-301F-11D3-BF4B-00C04F79EFBC}") = "ReverseString", "ReverseString\ReverseString.csproj", "{8700DFD5-F376-4F43-9233-5ABBDCB3236A}"
EndProject
Project("{FAE04EC0-301F-11D3-BF4B-00C04F79EFBC}") = "LargestNumberCalculator", "LargestNumberCalculator\LargestNumberCalculator.csproj", "{1991F222-DF90-4A5C-8646-1E5203F8C84C}"
EndProject
Project("{FAE04EC0-301F-11D3-BF4B-00C04F79EFBC}") = "PasswordValidator", "PasswordValidator\PasswordValidator.csproj", "{66DDAEEA-C68B-4E58-B14D-9235298A5E91}"
EndProject
Project("{FAE04EC0-301F-11D3-BF4B-00C04F79EFBC}") = "LeapYearChecker", "LeapYearChecker\LeapYearChecker.csproj", "{A9051AFC-0F9B-4F8A-8333-BF6241BAFB8E}"
EndProject
Project("{FAE04EC0-301F-11D3-BF4B-00C04F79EFBC}") = "ArraySum", "ArraySum\ArraySum.csproj", "{5CC193B7-F95E-4F5F-82AD-F953B5BA92E7}"
EndProject
Project("{FAE04EC0-301F-11D3-BF4B-00C04F79EFBC}") = "FibonacciChecker", "FibonacciChecker\FibonacciChecker.csproj", "{38A6C32B-2D10-4A25-9B92-A61575AA3876}"
EndProject
Project("{FAE04EC0-301F-11D3-BF4B-00C04F79EFBC}") = "PalindromeChecker", "PalindromeChecker\PalindromeChecker.csproj", "{203D2523-438D-48D9-8B03-C4CEB64FC7BC}"
EndProject
Project("{FAE04EC0-301F-11D3-BF4B-00C04F79EFBC}") = "RockPaperScissorsGame", "RockPaperScissorsGame\RockPaperScissorsGame.csproj", "{4094DB55-5906-492C-93D1-C7A259BD93DD}"
EndProject
Project("{FAE04EC0-301F-11D3-BF4B-00C04F79EFBC}") = "FactorialCalculator", "FactorialCalculator\FactorialCalculator.csproj", "{DDA003F3-4EB3-45AB-A523-EA790BAAE3AC}"
EndProject
Project("{FAE04EC0-301F-11D3-BF4B-00C04F79EFBC}") = "NumberGuesser", "NumberGuesser\NumberGuesser.csproj", "{DFA1858D-0AE6-4C2C-8C30-8CE9037030E9}"
EndProject
Global
	GlobalSection(SolutionConfigurationPlatforms) = preSolution
		Debug|Any CPU = Debug|Any CPU
		Release|Any CPU = Release|Any CPU
	EndGlobalSection
	GlobalSection(ProjectConfigurationPlatforms) = postSolution
		{ECBCD1C7-DA6F-4AF5-9935-06BD8C4F490C}.Debug|Any CPU.ActiveCfg = Debug|Any CPU
		{ECBCD1C7-DA6F-4AF5-9935-06BD8C4F490C}.Debug|Any CPU.Build.0 = Debug|Any CPU
		{ECBCD1C7-DA6F-4AF5-9935-06BD8C4F490C}.Release|Any CPU.ActiveCfg = Release|Any CPU
		{ECBCD1C7-DA6F-4AF5-9935-06BD8C4F490C}.Release|Any CPU.Build.0 = Release|Any CPU
		{D6C56A67-A0DA-4158-9382-9CF0EAE8DEA1}.Debug|Any CPU.ActiveCfg = Debug|Any CPU
		{D6C56A67-A0DA-4158-9382-9CF0EAE8DEA1}.Debug|Any CPU.Build.0 = Debug|Any CPU
		{D6C56A67-A0DA-4158-9382-9CF0EAE8DEA1}.Release|Any CPU.ActiveCfg = Release|Any CPU
		{D6C56A67-A0DA-4158-9382-9CF0EAE8DEA1}.Release|Any CPU.Build.0 = Release|Any CPU
		{C8F81B9D-4DBD-43FC-B7CD-642F12484852}.Debug|Any CPU.ActiveCfg = Debug|Any CPU
		{C8F81B9D-4DBD-43FC-B7CD-642F12484852}.Debug|Any CPU.Build.0 = Debug|Any CPU
		{C8F81B9D-4DBD-43FC-B7CD-642F12484852}.Release|Any CPU.ActiveCfg = Release|Any CPU
		{C8F81B9D-4DBD-43FC-B7CD-642F12484852}.Release|Any CPU.Build.0 = Release|Any CPU
		{156B6521-A07E-4860-8178-B53703726A61}.Debug|Any CPU.ActiveCfg = Debug|Any CPU
		{156B6521-A07E-4860-8178-B53703726A61}.Debug|Any CPU.Build.0 = Debug|Any CPU
		{156B6521-A07E-4860-8178-B53703726A61}.Release|Any CPU.ActiveCfg = Release|Any CPU
		{156B6521-A07E-4860-8178-B53703726A61}.Release|Any CPU.Build.0 = Release|Any CPU
		{0785E58E-BA89-4E71-B519-77EA2A51FC04}.Debug|Any CPU.ActiveCfg = Debug|Any CPU
		{0785E58E-BA89-4E71-B519-77EA2A51FC04}.Debug|Any CPU.Build.0 = Debug|Any CPU
		{0785E58E-BA89-4E71-B519-77EA2A51FC04}.Release|Any CPU.ActiveCfg = Release|Any CPU
		{0785E58E-BA89-4E71-B519-77EA2A51FC04}.Release|Any CPU.Build.0 = Release|Any CPU
		{1DDCEB11-5AAB-4D5A-9870-12FB0332411F}.Debug|Any CPU.ActiveCfg = Debug|Any CPU
		{1DDCEB11-5AAB-4D5A-9870-12FB0332411F}.Debug|Any CPU.Build.0 = Debug|Any CPU
		{1DDCEB11-5AAB-4D5A-9870-12FB0332411F}.Release|Any CPU.ActiveCfg = Release|Any CPU
		{1DDCEB11-5AAB-4D5A-9870-12FB0332411F}.Release|Any CPU.Build.0 = Release|Any CPU
		{8700DFD5-F376-4F43-9233-5ABBDCB3236A}.Debug|Any CPU.ActiveCfg = Debug|Any CPU
		{8700DFD5-F376-4F43-9233-5ABBDCB3236A}.Debug|Any CPU.Build.0 = Debug|Any CPU
		{8700DFD5-F376-4F43-9233-5ABBDCB3236A}.Release|Any CPU.ActiveCfg = Release|Any CPU
		{8700DFD5-F376-4F43-9233-5ABBDCB3236A}.Release|Any CPU.Build.0 = Release|Any CPU
		{1991F222-DF90-4A5C-8646-1E5203F8C84C}.Debug|Any CPU.ActiveCfg = Debug|Any CPU
		{1991F222-DF90-4A5C-8646-1E5203F8C84C}.Debug|Any CPU.Build.0 = Debug|Any CPU
		{1991F222-DF90-4A5C-8646-1E5203F8C84C}.Release|Any CPU.ActiveCfg = Release|Any CPU
		{1991F222-DF90-4A5C-8646-1E5203F8C84C}.Release|Any CPU.Build.0 = Release|Any CPU
		{66DDAEEA-C68B-4E58-B14D-9235298A5E91}.Debug|Any CPU.ActiveCfg = Debug|Any CPU
		{66DDAEEA-C68B-4E58-B14D-9235298A5E91}.Debug|Any CPU.Build.0 = Debug|Any CPU
		{66DDAEEA-C68B-4E58-B14D-9235298A5E91}.Release|Any CPU.ActiveCfg = Release|Any CPU
		{66DDAEEA-C68B-4E58-B14D-9235298A5E91}.Release|Any CPU.Build.0 = Release|Any CPU
		{A9051AFC-0F9B-4F8A-8333-BF6241BAFB8E}.Debug|Any CPU.ActiveCfg = Debug|Any CPU
		{A9051AFC-0F9B-4F8A-8333-BF6241BAFB8E}.Debug|Any CPU.Build.0 = Debug|Any CPU
		{A9051AFC-0F9B-4F8A-8333-BF6241BAFB8E}.Release|Any CPU.ActiveCfg = Release|Any CPU
		{A9051AFC-0F9B-4F8A-8333-BF6241BAFB8E}.Release|Any CPU.Build.0 = Release|Any CPU
		{5CC193B7-F95E-4F5F-82AD-F953B5BA92E7}.Debug|Any CPU.ActiveCfg = Debug|Any CPU
		{5CC193B7-F95E-4F5F-82AD-F953B5BA92E7}.Debug|Any CPU.Build.0 = Debug|Any CPU
		{5CC193B7-F95E-4F5F-82AD-F953B5BA92E7}.Release|Any CPU.ActiveCfg = Release|Any CPU
		{5CC193B7-F95E-4F5F-82AD-F953B5BA92E7}.Release|Any CPU.Build.0 = Release|Any CPU
		{38A6C32B-2D10-4A25-9B92-A61575AA3876}.Debug|Any CPU.ActiveCfg = Debug|Any CPU
		{38A6C32B-2D10-4A25-9B92-A61575AA3876}.Debug|Any CPU.Build.0 = Debug|Any CPU
		{38A6C32B-2D10-4A25-9B92-A61575AA3876}.Release|Any CPU.ActiveCfg = Release|Any CPU
		{38A6C32B-2D10-4A25-9B92-A61575AA3876}.Release|Any CPU.Build.0 = Release|Any CPU
		{203D2523-438D-48D9-8B03-C4CEB64FC7BC}.Debug|Any CPU.ActiveCfg = Debug|Any CPU
		{203D2523-438D-48D9-8B03-C4CEB64FC7BC}.Debug|Any CPU.Build.0 = Debug|Any CPU
		{203D2523-438D-48D9-8B03-C4CEB64FC7BC}.Release|Any CPU.ActiveCfg = Release|Any CPU
		{203D2523-438D-48D9-8B03-C4CEB64FC7BC}.Release|Any CPU.Build.0 = Release|Any CPU
		{4094DB55-5906-492C-93D1-C7A259BD93DD}.Debug|Any CPU.ActiveCfg = Debug|Any CPU
		{4094DB55-5906-492C-93D1-C7A259BD93DD}.Debug|Any CPU.Build.0 = Debug|Any CPU
		{4094DB55-5906-492C-93D1-C7A259BD93DD}.Release|Any CPU.ActiveCfg = Release|Any CPU
		{4094DB55-5906-492C-93D1-C7A259BD93DD}.Release|Any CPU.Build.0 = Release|Any CPU
		{DDA003F3-4EB3-45AB-A523-EA790BAAE3AC}.Debug|Any CPU.ActiveCfg = Debug|Any CPU
		{DDA003F3-4EB3-45AB-A523-EA790BAAE3AC}.Debug|Any CPU.Build.0 = Debug|Any CPU
		{DDA003F3-4EB3-45AB-A523-EA790BAAE3AC}.Release|Any CPU.ActiveCfg = Release|Any CPU
		{DDA003F3-4EB3-45AB-A523-EA790BAAE3AC}.Release|Any CPU.Build.0 = Release|Any CPU
		{DFA1858D-0AE6-4C2C-8C30-8CE9037030E9}.Debug|Any CPU.ActiveCfg = Debug|Any CPU
		{DFA1858D-0AE6-4C2C-8C30-8CE9037030E9}.Debug|Any CPU.Build.0 = Debug|Any CPU
		{DFA1858D-0AE6-4C2C-8C30-8CE9037030E9}.Release|Any CPU.ActiveCfg = Release|Any CPU
		{DFA1858D-0AE6-4C2C-8C30-8CE9037030E9}.Release|Any CPU.Build.0 = Release|Any CPU
	EndGlobalSection
	GlobalSection(NestedProjects) = preSolution
	EndGlobalSection
EndGlobal
